// !$*UTF8*$!
{
	archiveVersion = 1;
	classes = {
	};
	objectVersion = 55;
	objects = {

/* Begin PBXBuildFile section */
		6B8BC76F297E1B2B0073B3DC /* Search.storyboard in Resources */ = {isa = PBXBuildFile; fileRef = 6B8BC76E297E1B2B0073B3DC /* Search.storyboard */; };
		6B8BC771297E1B4B0073B3DC /* SearchViewController.swift in Sources */ = {isa = PBXBuildFile; fileRef = 6B8BC770297E1B4B0073B3DC /* SearchViewController.swift */; };
		6B8BC777297E214E0073B3DC /* MovieDetailVC.swift in Sources */ = {isa = PBXBuildFile; fileRef = 6B8BC775297E214E0073B3DC /* MovieDetailVC.swift */; };
		6B8BC778297E214E0073B3DC /* MovieDetailVC.xib in Resources */ = {isa = PBXBuildFile; fileRef = 6B8BC776297E214E0073B3DC /* MovieDetailVC.xib */; };
		6BA46CF3297DB9B400D3844A /* AppDelegate.swift in Sources */ = {isa = PBXBuildFile; fileRef = 6BA46CF2297DB9B400D3844A /* AppDelegate.swift */; };
		6BA46CF5297DB9B400D3844A /* SceneDelegate.swift in Sources */ = {isa = PBXBuildFile; fileRef = 6BA46CF4297DB9B400D3844A /* SceneDelegate.swift */; };
		6BA46CF7297DB9B400D3844A /* HomeVC.swift in Sources */ = {isa = PBXBuildFile; fileRef = 6BA46CF6297DB9B400D3844A /* HomeVC.swift */; };
		6BA46CFA297DB9B400D3844A /* Main.storyboard in Resources */ = {isa = PBXBuildFile; fileRef = 6BA46CF8297DB9B400D3844A /* Main.storyboard */; };
		6BA46CFD297DB9B400D3844A /* Movie_MVVM.xcdatamodeld in Sources */ = {isa = PBXBuildFile; fileRef = 6BA46CFB297DB9B400D3844A /* Movie_MVVM.xcdatamodeld */; };
		6BA46CFF297DB9B500D3844A /* Assets.xcassets in Resources */ = {isa = PBXBuildFile; fileRef = 6BA46CFE297DB9B500D3844A /* Assets.xcassets */; };
		6BA46D02297DB9B500D3844A /* LaunchScreen.storyboard in Resources */ = {isa = PBXBuildFile; fileRef = 6BA46D00297DB9B500D3844A /* LaunchScreen.storyboard */; };
		6BA46D12297DC14700D3844A /* CellHelper.swift in Sources */ = {isa = PBXBuildFile; fileRef = 6BA46D11297DC14700D3844A /* CellHelper.swift */; };
		6BA46D18297DC34800D3844A /* NetworkManager.swift in Sources */ = {isa = PBXBuildFile; fileRef = 6BA46D17297DC34800D3844A /* NetworkManager.swift */; };
		6BA46D1A297DC3A600D3844A /* NetworkHelper.swift in Sources */ = {isa = PBXBuildFile; fileRef = 6BA46D19297DC3A600D3844A /* NetworkHelper.swift */; };
		6BA46D1C297DDDEF00D3844A /* MovieResponseModel.swift in Sources */ = {isa = PBXBuildFile; fileRef = 6BA46D1B297DDDEF00D3844A /* MovieResponseModel.swift */; };
		6BA46D20297DEBAF00D3844A /* MovieRequests.swift in Sources */ = {isa = PBXBuildFile; fileRef = 6BA46D1F297DEBAF00D3844A /* MovieRequests.swift */; };
		6BA46D23297DF68200D3844A /* MovieViewModel.swift in Sources */ = {isa = PBXBuildFile; fileRef = 6BA46D22297DF68200D3844A /* MovieViewModel.swift */; };
		6BA46D25297E07EC00D3844A /* AppUtilities.swift in Sources */ = {isa = PBXBuildFile; fileRef = 6BA46D24297E07EC00D3844A /* AppUtilities.swift */; };
		6BA46D29297E16AE00D3844A /* BaseViewController.swift in Sources */ = {isa = PBXBuildFile; fileRef = 6BA46D26297E16AE00D3844A /* BaseViewController.swift */; };
		6BA46D2A297E16AE00D3844A /* BaseNavigationController.swift in Sources */ = {isa = PBXBuildFile; fileRef = 6BA46D27297E16AE00D3844A /* BaseNavigationController.swift */; };
		6BA46D2B297E16AE00D3844A /* BaseTabBarController.swift in Sources */ = {isa = PBXBuildFile; fileRef = 6BA46D28297E16AE00D3844A /* BaseTabBarController.swift */; };
		6BA46D2D297E16DB00D3844A /* AppColors.swift in Sources */ = {isa = PBXBuildFile; fileRef = 6BA46D2C297E16DB00D3844A /* AppColors.swift */; };
		6BA46D37297E172B00D3844A /* Ubuntu-Bold.ttf in Resources */ = {isa = PBXBuildFile; fileRef = 6BA46D31297E170800D3844A /* Ubuntu-Bold.ttf */; };
		6BA46D38297E172E00D3844A /* Ubuntu-BoldItalic.ttf in Resources */ = {isa = PBXBuildFile; fileRef = 6BA46D33297E170900D3844A /* Ubuntu-BoldItalic.ttf */; };
		6BA46D39297E173000D3844A /* Ubuntu-Italic.ttf in Resources */ = {isa = PBXBuildFile; fileRef = 6BA46D35297E170900D3844A /* Ubuntu-Italic.ttf */; };
		6BA46D3A297E173200D3844A /* Ubuntu-Light.ttf in Resources */ = {isa = PBXBuildFile; fileRef = 6BA46D32297E170800D3844A /* Ubuntu-Light.ttf */; };
		6BA46D3B297E173400D3844A /* Ubuntu-LightItalic.ttf in Resources */ = {isa = PBXBuildFile; fileRef = 6BA46D36297E170900D3844A /* Ubuntu-LightItalic.ttf */; };
		6BA46D3C297E173600D3844A /* Ubuntu-Medium.ttf in Resources */ = {isa = PBXBuildFile; fileRef = 6BA46D30297E170800D3844A /* Ubuntu-Medium.ttf */; };
		6BA46D3D297E173900D3844A /* Ubuntu-MediumItalic.ttf in Resources */ = {isa = PBXBuildFile; fileRef = 6BA46D34297E170900D3844A /* Ubuntu-MediumItalic.ttf */; };
		6BA46D3E297E173B00D3844A /* Ubuntu-Regular.ttf in Resources */ = {isa = PBXBuildFile; fileRef = 6BA46D2F297E170800D3844A /* Ubuntu-Regular.ttf */; };
		6BA46D40297E191300D3844A /* Home.storyboard in Resources */ = {isa = PBXBuildFile; fileRef = 6BA46D3F297E191300D3844A /* Home.storyboard */; };
		BA7864BCF94D2903D2B77F1B /* Pods_Movie_MVVM.framework in Frameworks */ = {isa = PBXBuildFile; fileRef = 5475338742EEEEDA6E9069A6 /* Pods_Movie_MVVM.framework */; };
/* End PBXBuildFile section */

/* Begin PBXFileReference section */
		367817085FAD288D7A74355B /* Pods-Movie-MVVM.debug.xcconfig */ = {isa = PBXFileReference; includeInIndex = 1; lastKnownFileType = text.xcconfig; name = "Pods-Movie-MVVM.debug.xcconfig"; path = "Target Support Files/Pods-Movie-MVVM/Pods-Movie-MVVM.debug.xcconfig"; sourceTree = "<group>"; };
		45C90752C666492BCFD76ACB /* Pods-Movie-MVVM.release.xcconfig */ = {isa = PBXFileReference; includeInIndex = 1; lastKnownFileType = text.xcconfig; name = "Pods-Movie-MVVM.release.xcconfig"; path = "Target Support Files/Pods-Movie-MVVM/Pods-Movie-MVVM.release.xcconfig"; sourceTree = "<group>"; };
		5475338742EEEEDA6E9069A6 /* Pods_Movie_MVVM.framework */ = {isa = PBXFileReference; explicitFileType = wrapper.framework; includeInIndex = 0; path = Pods_Movie_MVVM.framework; sourceTree = BUILT_PRODUCTS_DIR; };
		6B8BC76E297E1B2B0073B3DC /* Search.storyboard */ = {isa = PBXFileReference; lastKnownFileType = file.storyboard; path = Search.storyboard; sourceTree = "<group>"; };
		6B8BC770297E1B4B0073B3DC /* SearchViewController.swift */ = {isa = PBXFileReference; lastKnownFileType = sourcecode.swift; path = SearchViewController.swift; sourceTree = "<group>"; };
		6B8BC775297E214E0073B3DC /* MovieDetailVC.swift */ = {isa = PBXFileReference; lastKnownFileType = sourcecode.swift; path = MovieDetailVC.swift; sourceTree = "<group>"; };
		6B8BC776297E214E0073B3DC /* MovieDetailVC.xib */ = {isa = PBXFileReference; lastKnownFileType = file.xib; path = MovieDetailVC.xib; sourceTree = "<group>"; };
		6BA46CEF297DB9B400D3844A /* Movie-MVVM.app */ = {isa = PBXFileReference; explicitFileType = wrapper.application; includeInIndex = 0; path = "Movie-MVVM.app"; sourceTree = BUILT_PRODUCTS_DIR; };
		6BA46CF2297DB9B400D3844A /* AppDelegate.swift */ = {isa = PBXFileReference; lastKnownFileType = sourcecode.swift; path = AppDelegate.swift; sourceTree = "<group>"; };
		6BA46CF4297DB9B400D3844A /* SceneDelegate.swift */ = {isa = PBXFileReference; lastKnownFileType = sourcecode.swift; path = SceneDelegate.swift; sourceTree = "<group>"; };
		6BA46CF6297DB9B400D3844A /* HomeVC.swift */ = {isa = PBXFileReference; lastKnownFileType = sourcecode.swift; path = HomeVC.swift; sourceTree = "<group>"; };
		6BA46CF9297DB9B400D3844A /* Base */ = {isa = PBXFileReference; lastKnownFileType = file.storyboard; name = Base; path = Base.lproj/Main.storyboard; sourceTree = "<group>"; };
		6BA46CFC297DB9B400D3844A /* Movie_MVVM.xcdatamodel */ = {isa = PBXFileReference; lastKnownFileType = wrapper.xcdatamodel; path = Movie_MVVM.xcdatamodel; sourceTree = "<group>"; };
		6BA46CFE297DB9B500D3844A /* Assets.xcassets */ = {isa = PBXFileReference; lastKnownFileType = folder.assetcatalog; path = Assets.xcassets; sourceTree = "<group>"; };
		6BA46D01297DB9B500D3844A /* Base */ = {isa = PBXFileReference; lastKnownFileType = file.storyboard; name = Base; path = Base.lproj/LaunchScreen.storyboard; sourceTree = "<group>"; };
		6BA46D03297DB9B500D3844A /* Info.plist */ = {isa = PBXFileReference; lastKnownFileType = text.plist.xml; path = Info.plist; sourceTree = "<group>"; };
		6BA46D11297DC14700D3844A /* CellHelper.swift */ = {isa = PBXFileReference; fileEncoding = 4; lastKnownFileType = sourcecode.swift; path = CellHelper.swift; sourceTree = "<group>"; };
		6BA46D17297DC34800D3844A /* NetworkManager.swift */ = {isa = PBXFileReference; lastKnownFileType = sourcecode.swift; path = NetworkManager.swift; sourceTree = "<group>"; };
		6BA46D19297DC3A600D3844A /* NetworkHelper.swift */ = {isa = PBXFileReference; lastKnownFileType = sourcecode.swift; path = NetworkHelper.swift; sourceTree = "<group>"; };
		6BA46D1B297DDDEF00D3844A /* MovieResponseModel.swift */ = {isa = PBXFileReference; lastKnownFileType = sourcecode.swift; path = MovieResponseModel.swift; sourceTree = "<group>"; };
		6BA46D1F297DEBAF00D3844A /* MovieRequests.swift */ = {isa = PBXFileReference; lastKnownFileType = sourcecode.swift; path = MovieRequests.swift; sourceTree = "<group>"; };
		6BA46D22297DF68200D3844A /* MovieViewModel.swift */ = {isa = PBXFileReference; lastKnownFileType = sourcecode.swift; path = MovieViewModel.swift; sourceTree = "<group>"; };
		6BA46D24297E07EC00D3844A /* AppUtilities.swift */ = {isa = PBXFileReference; lastKnownFileType = sourcecode.swift; path = AppUtilities.swift; sourceTree = "<group>"; };
		6BA46D26297E16AE00D3844A /* BaseViewController.swift */ = {isa = PBXFileReference; fileEncoding = 4; lastKnownFileType = sourcecode.swift; path = BaseViewController.swift; sourceTree = "<group>"; };
		6BA46D27297E16AE00D3844A /* BaseNavigationController.swift */ = {isa = PBXFileReference; fileEncoding = 4; lastKnownFileType = sourcecode.swift; path = BaseNavigationController.swift; sourceTree = "<group>"; };
		6BA46D28297E16AE00D3844A /* BaseTabBarController.swift */ = {isa = PBXFileReference; fileEncoding = 4; lastKnownFileType = sourcecode.swift; path = BaseTabBarController.swift; sourceTree = "<group>"; };
		6BA46D2C297E16DB00D3844A /* AppColors.swift */ = {isa = PBXFileReference; fileEncoding = 4; lastKnownFileType = sourcecode.swift; path = AppColors.swift; sourceTree = "<group>"; };
		6BA46D2F297E170800D3844A /* Ubuntu-Regular.ttf */ = {isa = PBXFileReference; lastKnownFileType = file; path = "Ubuntu-Regular.ttf"; sourceTree = "<group>"; };
		6BA46D30297E170800D3844A /* Ubuntu-Medium.ttf */ = {isa = PBXFileReference; lastKnownFileType = file; path = "Ubuntu-Medium.ttf"; sourceTree = "<group>"; };
		6BA46D31297E170800D3844A /* Ubuntu-Bold.ttf */ = {isa = PBXFileReference; lastKnownFileType = file; path = "Ubuntu-Bold.ttf"; sourceTree = "<group>"; };
		6BA46D32297E170800D3844A /* Ubuntu-Light.ttf */ = {isa = PBXFileReference; lastKnownFileType = file; path = "Ubuntu-Light.ttf"; sourceTree = "<group>"; };
		6BA46D33297E170900D3844A /* Ubuntu-BoldItalic.ttf */ = {isa = PBXFileReference; lastKnownFileType = file; path = "Ubuntu-BoldItalic.ttf"; sourceTree = "<group>"; };
		6BA46D34297E170900D3844A /* Ubuntu-MediumItalic.ttf */ = {isa = PBXFileReference; lastKnownFileType = file; path = "Ubuntu-MediumItalic.ttf"; sourceTree = "<group>"; };
		6BA46D35297E170900D3844A /* Ubuntu-Italic.ttf */ = {isa = PBXFileReference; lastKnownFileType = file; path = "Ubuntu-Italic.ttf"; sourceTree = "<group>"; };
		6BA46D36297E170900D3844A /* Ubuntu-LightItalic.ttf */ = {isa = PBXFileReference; lastKnownFileType = file; path = "Ubuntu-LightItalic.ttf"; sourceTree = "<group>"; };
		6BA46D3F297E191300D3844A /* Home.storyboard */ = {isa = PBXFileReference; lastKnownFileType = file.storyboard; path = Home.storyboard; sourceTree = "<group>"; };
/* End PBXFileReference section */

/* Begin PBXFrameworksBuildPhase section */
		6BA46CEC297DB9B400D3844A /* Frameworks */ = {
			isa = PBXFrameworksBuildPhase;
			buildActionMask = 2147483647;
			files = (
				BA7864BCF94D2903D2B77F1B /* Pods_Movie_MVVM.framework in Frameworks */,
			);
			runOnlyForDeploymentPostprocessing = 0;
		};
/* End PBXFrameworksBuildPhase section */

/* Begin PBXGroup section */
		6B8BC772297E20F70073B3DC /* HomePage */ = {
			isa = PBXGroup;
			children = (
				6BA46CF6297DB9B400D3844A /* HomeVC.swift */,
				6B8BC774297E211E0073B3DC /* MovieDetail */,
			);
			path = HomePage;
			sourceTree = "<group>";
		};
		6B8BC773297E21020073B3DC /* SearchPage */ = {
			isa = PBXGroup;
			children = (
				6B8BC770297E1B4B0073B3DC /* SearchViewController.swift */,
			);
			path = SearchPage;
			sourceTree = "<group>";
		};
		6B8BC774297E211E0073B3DC /* MovieDetail */ = {
			isa = PBXGroup;
			children = (
				6B8BC776297E214E0073B3DC /* MovieDetailVC.xib */,
				6B8BC775297E214E0073B3DC /* MovieDetailVC.swift */,
			);
			path = MovieDetail;
			sourceTree = "<group>";
		};
		6BA46CE6297DB9B400D3844A = {
			isa = PBXGroup;
			children = (
				6BA46CF1297DB9B400D3844A /* Movie-MVVM */,
				6BA46CF0297DB9B400D3844A /* Products */,
				BBAC659D72C4E0162D2DDC2B /* Pods */,
				8483D7B86FD1AE79412AFED7 /* Frameworks */,
			);
			sourceTree = "<group>";
		};
		6BA46CF0297DB9B400D3844A /* Products */ = {
			isa = PBXGroup;
			children = (
				6BA46CEF297DB9B400D3844A /* Movie-MVVM.app */,
			);
			name = Products;
			sourceTree = "<group>";
		};
		6BA46CF1297DB9B400D3844A /* Movie-MVVM */ = {
			isa = PBXGroup;
			children = (
				6BA46D0A297DC09A00D3844A /* Netwok */,
				6BA46D16297DC1DB00D3844A /* Managers */,
				6BA46D0D297DC0EC00D3844A /* Storyboards */,
				6BA46D0B297DC0AA00D3844A /* Models */,
				6BA46D0E297DC0F900D3844A /* Scene */,
				6BA46D21297DF66300D3844A /* ViewModels */,
				6BA46D0C297DC0C700D3844A /* Helpers */,
				6BA46D10297DC10A00D3844A /* Extensions */,
				6BA46D0F297DC10300D3844A /* Base */,
				6BA46D13297DC17A00D3844A /* Resources */,
				6BA46D09297DC07800D3844A /* Utilities */,
				6BA46CFB297DB9B400D3844A /* Movie_MVVM.xcdatamodeld */,
			);
			path = "Movie-MVVM";
			sourceTree = "<group>";
		};
		6BA46D09297DC07800D3844A /* Utilities */ = {
			isa = PBXGroup;
			children = (
				6BA46CF2297DB9B400D3844A /* AppDelegate.swift */,
				6BA46CF4297DB9B400D3844A /* SceneDelegate.swift */,
				6BA46D24297E07EC00D3844A /* AppUtilities.swift */,
			);
			path = Utilities;
			sourceTree = "<group>";
		};
		6BA46D0A297DC09A00D3844A /* Netwok */ = {
			isa = PBXGroup;
			children = (
				6BA46D1D297DEB6700D3844A /* Core */,
				6BA46D1E297DEB7100D3844A /* Requests */,
			);
			path = Netwok;
			sourceTree = "<group>";
		};
		6BA46D0B297DC0AA00D3844A /* Models */ = {
			isa = PBXGroup;
			children = (
				6BA46D1B297DDDEF00D3844A /* MovieResponseModel.swift */,
			);
			path = Models;
			sourceTree = "<group>";
		};
		6BA46D0C297DC0C700D3844A /* Helpers */ = {
			isa = PBXGroup;
			children = (
				6BA46D11297DC14700D3844A /* CellHelper.swift */,
			);
			path = Helpers;
			sourceTree = "<group>";
		};
		6BA46D0D297DC0EC00D3844A /* Storyboards */ = {
			isa = PBXGroup;
			children = (
				6BA46D00297DB9B500D3844A /* LaunchScreen.storyboard */,
				6BA46CF8297DB9B400D3844A /* Main.storyboard */,
				6BA46D3F297E191300D3844A /* Home.storyboard */,
				6B8BC76E297E1B2B0073B3DC /* Search.storyboard */,
			);
			path = Storyboards;
			sourceTree = "<group>";
		};
		6BA46D0E297DC0F900D3844A /* Scene */ = {
			isa = PBXGroup;
			children = (
				6B8BC772297E20F70073B3DC /* HomePage */,
				6B8BC773297E21020073B3DC /* SearchPage */,
			);
			path = Scene;
			sourceTree = "<group>";
		};
		6BA46D0F297DC10300D3844A /* Base */ = {
			isa = PBXGroup;
			children = (
				6BA46D28297E16AE00D3844A /* BaseTabBarController.swift */,
				6BA46D26297E16AE00D3844A /* BaseViewController.swift */,
				6BA46D27297E16AE00D3844A /* BaseNavigationController.swift */,
			);
			path = Base;
			sourceTree = "<group>";
		};
		6BA46D10297DC10A00D3844A /* Extensions */ = {
			isa = PBXGroup;
			children = (
			);
			path = Extensions;
			sourceTree = "<group>";
		};
		6BA46D13297DC17A00D3844A /* Resources */ = {
			isa = PBXGroup;
			children = (
				6BA46D14297DC19600D3844A /* Assets */,
				6BA46D15297DC1A400D3844A /* Fonts */,
				6BA46D2E297E16E000D3844A /* AppColors */,
				6BA46D03297DB9B500D3844A /* Info.plist */,
			);
			path = Resources;
			sourceTree = "<group>";
		};
		6BA46D14297DC19600D3844A /* Assets */ = {
			isa = PBXGroup;
			children = (
				6BA46CFE297DB9B500D3844A /* Assets.xcassets */,
			);
			path = Assets;
			sourceTree = "<group>";
		};
		6BA46D15297DC1A400D3844A /* Fonts */ = {
			isa = PBXGroup;
			children = (
				6BA46D31297E170800D3844A /* Ubuntu-Bold.ttf */,
				6BA46D33297E170900D3844A /* Ubuntu-BoldItalic.ttf */,
				6BA46D35297E170900D3844A /* Ubuntu-Italic.ttf */,
				6BA46D32297E170800D3844A /* Ubuntu-Light.ttf */,
				6BA46D36297E170900D3844A /* Ubuntu-LightItalic.ttf */,
				6BA46D30297E170800D3844A /* Ubuntu-Medium.ttf */,
				6BA46D34297E170900D3844A /* Ubuntu-MediumItalic.ttf */,
				6BA46D2F297E170800D3844A /* Ubuntu-Regular.ttf */,
			);
			path = Fonts;
			sourceTree = "<group>";
		};
		6BA46D16297DC1DB00D3844A /* Managers */ = {
			isa = PBXGroup;
			children = (
			);
			path = Managers;
			sourceTree = "<group>";
		};
		6BA46D1D297DEB6700D3844A /* Core */ = {
			isa = PBXGroup;
			children = (
				6BA46D19297DC3A600D3844A /* NetworkHelper.swift */,
				6BA46D17297DC34800D3844A /* NetworkManager.swift */,
			);
			path = Core;
			sourceTree = "<group>";
		};
		6BA46D1E297DEB7100D3844A /* Requests */ = {
			isa = PBXGroup;
			children = (
				6BA46D1F297DEBAF00D3844A /* MovieRequests.swift */,
			);
			path = Requests;
			sourceTree = "<group>";
		};
		6BA46D21297DF66300D3844A /* ViewModels */ = {
			isa = PBXGroup;
			children = (
				6BA46D22297DF68200D3844A /* MovieViewModel.swift */,
			);
			path = ViewModels;
			sourceTree = "<group>";
		};
		6BA46D2E297E16E000D3844A /* AppColors */ = {
			isa = PBXGroup;
			children = (
				6BA46D2C297E16DB00D3844A /* AppColors.swift */,
			);
			path = AppColors;
			sourceTree = "<group>";
		};
		8483D7B86FD1AE79412AFED7 /* Frameworks */ = {
			isa = PBXGroup;
			children = (
				5475338742EEEEDA6E9069A6 /* Pods_Movie_MVVM.framework */,
			);
			name = Frameworks;
			sourceTree = "<group>";
		};
		BBAC659D72C4E0162D2DDC2B /* Pods */ = {
			isa = PBXGroup;
			children = (
				367817085FAD288D7A74355B /* Pods-Movie-MVVM.debug.xcconfig */,
				45C90752C666492BCFD76ACB /* Pods-Movie-MVVM.release.xcconfig */,
			);
			path = Pods;
			sourceTree = "<group>";
		};
/* End PBXGroup section */

/* Begin PBXNativeTarget section */
		6BA46CEE297DB9B400D3844A /* Movie-MVVM */ = {
			isa = PBXNativeTarget;
			buildConfigurationList = 6BA46D06297DB9B500D3844A /* Build configuration list for PBXNativeTarget "Movie-MVVM" */;
			buildPhases = (
				49E61AAC554164EB5BB9F979 /* [CP] Check Pods Manifest.lock */,
				6BA46CEB297DB9B400D3844A /* Sources */,
				6BA46CEC297DB9B400D3844A /* Frameworks */,
				6BA46CED297DB9B400D3844A /* Resources */,
				0CE26019F8B4287C7D30B935 /* [CP] Embed Pods Frameworks */,
			);
			buildRules = (
			);
			dependencies = (
			);
			name = "Movie-MVVM";
			productName = "Movie-MVVM";
			productReference = 6BA46CEF297DB9B400D3844A /* Movie-MVVM.app */;
			productType = "com.apple.product-type.application";
		};
/* End PBXNativeTarget section */

/* Begin PBXProject section */
		6BA46CE7297DB9B400D3844A /* Project object */ = {
			isa = PBXProject;
			attributes = {
				BuildIndependentTargetsInParallel = 1;
				LastSwiftUpdateCheck = 1330;
				LastUpgradeCheck = 1330;
				TargetAttributes = {
					6BA46CEE297DB9B400D3844A = {
						CreatedOnToolsVersion = 13.3.1;
					};
				};
			};
			buildConfigurationList = 6BA46CEA297DB9B400D3844A /* Build configuration list for PBXProject "Movie-MVVM" */;
			compatibilityVersion = "Xcode 13.0";
			developmentRegion = en;
			hasScannedForEncodings = 0;
			knownRegions = (
				en,
				Base,
			);
			mainGroup = 6BA46CE6297DB9B400D3844A;
			productRefGroup = 6BA46CF0297DB9B400D3844A /* Products */;
			projectDirPath = "";
			projectRoot = "";
			targets = (
				6BA46CEE297DB9B400D3844A /* Movie-MVVM */,
			);
		};
/* End PBXProject section */

/* Begin PBXResourcesBuildPhase section */
		6BA46CED297DB9B400D3844A /* Resources */ = {
			isa = PBXResourcesBuildPhase;
			buildActionMask = 2147483647;
			files = (
				6BA46D3B297E173400D3844A /* Ubuntu-LightItalic.ttf in Resources */,
				6BA46D37297E172B00D3844A /* Ubuntu-Bold.ttf in Resources */,
				6BA46D3D297E173900D3844A /* Ubuntu-MediumItalic.ttf in Resources */,
				6BA46D40297E191300D3844A /* Home.storyboard in Resources */,
				6BA46D3C297E173600D3844A /* Ubuntu-Medium.ttf in Resources */,
				6BA46D39297E173000D3844A /* Ubuntu-Italic.ttf in Resources */,
				6BA46D3A297E173200D3844A /* Ubuntu-Light.ttf in Resources */,
				6BA46D3E297E173B00D3844A /* Ubuntu-Regular.ttf in Resources */,
				6BA46D38297E172E00D3844A /* Ubuntu-BoldItalic.ttf in Resources */,
				6BA46D02297DB9B500D3844A /* LaunchScreen.storyboard in Resources */,
				6BA46CFF297DB9B500D3844A /* Assets.xcassets in Resources */,
				6BA46CFA297DB9B400D3844A /* Main.storyboard in Resources */,
				6B8BC778297E214E0073B3DC /* MovieDetailVC.xib in Resources */,
				6B8BC76F297E1B2B0073B3DC /* Search.storyboard in Resources */,
			);
			runOnlyForDeploymentPostprocessing = 0;
		};
/* End PBXResourcesBuildPhase section */

/* Begin PBXShellScriptBuildPhase section */
		0CE26019F8B4287C7D30B935 /* [CP] Embed Pods Frameworks */ = {
			isa = PBXShellScriptBuildPhase;
			buildActionMask = 2147483647;
			files = (
			);
			inputFileListPaths = (
				"${PODS_ROOT}/Target Support Files/Pods-Movie-MVVM/Pods-Movie-MVVM-frameworks-${CONFIGURATION}-input-files.xcfilelist",
			);
			name = "[CP] Embed Pods Frameworks";
			outputFileListPaths = (
				"${PODS_ROOT}/Target Support Files/Pods-Movie-MVVM/Pods-Movie-MVVM-frameworks-${CONFIGURATION}-output-files.xcfilelist",
			);
			runOnlyForDeploymentPostprocessing = 0;
			shellPath = /bin/sh;
			shellScript = "\"${PODS_ROOT}/Target Support Files/Pods-Movie-MVVM/Pods-Movie-MVVM-frameworks.sh\"\n";
			showEnvVarsInLog = 0;
		};
		49E61AAC554164EB5BB9F979 /* [CP] Check Pods Manifest.lock */ = {
			isa = PBXShellScriptBuildPhase;
			buildActionMask = 2147483647;
			files = (
			);
			inputFileListPaths = (
			);
			inputPaths = (
				"${PODS_PODFILE_DIR_PATH}/Podfile.lock",
				"${PODS_ROOT}/Manifest.lock",
			);
			name = "[CP] Check Pods Manifest.lock";
			outputFileListPaths = (
			);
			outputPaths = (
				"$(DERIVED_FILE_DIR)/Pods-Movie-MVVM-checkManifestLockResult.txt",
			);
			runOnlyForDeploymentPostprocessing = 0;
			shellPath = /bin/sh;
			shellScript = "diff \"${PODS_PODFILE_DIR_PATH}/Podfile.lock\" \"${PODS_ROOT}/Manifest.lock\" > /dev/null\nif [ $? != 0 ] ; then\n    # print error to STDERR\n    echo \"error: The sandbox is not in sync with the Podfile.lock. Run 'pod install' or update your CocoaPods installation.\" >&2\n    exit 1\nfi\n# This output is used by Xcode 'outputs' to avoid re-running this script phase.\necho \"SUCCESS\" > \"${SCRIPT_OUTPUT_FILE_0}\"\n";
			showEnvVarsInLog = 0;
		};
/* End PBXShellScriptBuildPhase section */

/* Begin PBXSourcesBuildPhase section */
		6BA46CEB297DB9B400D3844A /* Sources */ = {
			isa = PBXSourcesBuildPhase;
			buildActionMask = 2147483647;
			files = (
				6BA46D2B297E16AE00D3844A /* BaseTabBarController.swift in Sources */,
				6BA46D2A297E16AE00D3844A /* BaseNavigationController.swift in Sources */,
				6BA46D20297DEBAF00D3844A /* MovieRequests.swift in Sources */,
				6BA46D2D297E16DB00D3844A /* AppColors.swift in Sources */,
				6BA46D25297E07EC00D3844A /* AppUtilities.swift in Sources */,
				6BA46D23297DF68200D3844A /* MovieViewModel.swift in Sources */,
				6BA46D1A297DC3A600D3844A /* NetworkHelper.swift in Sources */,
				6BA46D18297DC34800D3844A /* NetworkManager.swift in Sources */,
				6BA46D29297E16AE00D3844A /* BaseViewController.swift in Sources */,
				6BA46CFD297DB9B400D3844A /* Movie_MVVM.xcdatamodeld in Sources */,
				6B8BC771297E1B4B0073B3DC /* SearchViewController.swift in Sources */,
				6B8BC777297E214E0073B3DC /* MovieDetailVC.swift in Sources */,
				6BA46D12297DC14700D3844A /* CellHelper.swift in Sources */,
				6BA46D1C297DDDEF00D3844A /* MovieResponseModel.swift in Sources */,
				6BA46CF7297DB9B400D3844A /* HomeVC.swift in Sources */,
				6BA46CF3297DB9B400D3844A /* AppDelegate.swift in Sources */,
				6BA46CF5297DB9B400D3844A /* SceneDelegate.swift in Sources */,
			);
			runOnlyForDeploymentPostprocessing = 0;
		};
/* End PBXSourcesBuildPhase section */

/* Begin PBXVariantGroup section */
		6BA46CF8297DB9B400D3844A /* Main.storyboard */ = {
			isa = PBXVariantGroup;
			children = (
				6BA46CF9297DB9B400D3844A /* Base */,
			);
			name = Main.storyboard;
			sourceTree = "<group>";
		};
		6BA46D00297DB9B500D3844A /* LaunchScreen.storyboard */ = {
			isa = PBXVariantGroup;
			children = (
				6BA46D01297DB9B500D3844A /* Base */,
			);
			name = LaunchScreen.storyboard;
			sourceTree = "<group>";
		};
/* End PBXVariantGroup section */

/* Begin XCBuildConfiguration section */
		6BA46D04297DB9B500D3844A /* Debug */ = {
			isa = XCBuildConfiguration;
			buildSettings = {
				ALWAYS_SEARCH_USER_PATHS = NO;
				CLANG_ANALYZER_NONNULL = YES;
				CLANG_ANALYZER_NUMBER_OBJECT_CONVERSION = YES_AGGRESSIVE;
				CLANG_CXX_LANGUAGE_STANDARD = "gnu++17";
				CLANG_ENABLE_MODULES = YES;
				CLANG_ENABLE_OBJC_ARC = YES;
				CLANG_ENABLE_OBJC_WEAK = YES;
				CLANG_WARN_BLOCK_CAPTURE_AUTORELEASING = YES;
				CLANG_WARN_BOOL_CONVERSION = YES;
				CLANG_WARN_COMMA = YES;
				CLANG_WARN_CONSTANT_CONVERSION = YES;
				CLANG_WARN_DEPRECATED_OBJC_IMPLEMENTATIONS = YES;
				CLANG_WARN_DIRECT_OBJC_ISA_USAGE = YES_ERROR;
				CLANG_WARN_DOCUMENTATION_COMMENTS = YES;
				CLANG_WARN_EMPTY_BODY = YES;
				CLANG_WARN_ENUM_CONVERSION = YES;
				CLANG_WARN_INFINITE_RECURSION = YES;
				CLANG_WARN_INT_CONVERSION = YES;
				CLANG_WARN_NON_LITERAL_NULL_CONVERSION = YES;
				CLANG_WARN_OBJC_IMPLICIT_RETAIN_SELF = YES;
				CLANG_WARN_OBJC_LITERAL_CONVERSION = YES;
				CLANG_WARN_OBJC_ROOT_CLASS = YES_ERROR;
				CLANG_WARN_QUOTED_INCLUDE_IN_FRAMEWORK_HEADER = YES;
				CLANG_WARN_RANGE_LOOP_ANALYSIS = YES;
				CLANG_WARN_STRICT_PROTOTYPES = YES;
				CLANG_WARN_SUSPICIOUS_MOVE = YES;
				CLANG_WARN_UNGUARDED_AVAILABILITY = YES_AGGRESSIVE;
				CLANG_WARN_UNREACHABLE_CODE = YES;
				CLANG_WARN__DUPLICATE_METHOD_MATCH = YES;
				COPY_PHASE_STRIP = NO;
				DEBUG_INFORMATION_FORMAT = dwarf;
				ENABLE_STRICT_OBJC_MSGSEND = YES;
				ENABLE_TESTABILITY = YES;
				GCC_C_LANGUAGE_STANDARD = gnu11;
				GCC_DYNAMIC_NO_PIC = NO;
				GCC_NO_COMMON_BLOCKS = YES;
				GCC_OPTIMIZATION_LEVEL = 0;
				GCC_PREPROCESSOR_DEFINITIONS = (
					"DEBUG=1",
					"$(inherited)",
				);
				GCC_WARN_64_TO_32_BIT_CONVERSION = YES;
				GCC_WARN_ABOUT_RETURN_TYPE = YES_ERROR;
				GCC_WARN_UNDECLARED_SELECTOR = YES;
				GCC_WARN_UNINITIALIZED_AUTOS = YES_AGGRESSIVE;
				GCC_WARN_UNUSED_FUNCTION = YES;
				GCC_WARN_UNUSED_VARIABLE = YES;
				IPHONEOS_DEPLOYMENT_TARGET = 13.0;
				MTL_ENABLE_DEBUG_INFO = INCLUDE_SOURCE;
				MTL_FAST_MATH = YES;
				ONLY_ACTIVE_ARCH = YES;
				SDKROOT = iphoneos;
				SWIFT_ACTIVE_COMPILATION_CONDITIONS = DEBUG;
				SWIFT_OPTIMIZATION_LEVEL = "-Onone";
			};
			name = Debug;
		};
		6BA46D05297DB9B500D3844A /* Release */ = {
			isa = XCBuildConfiguration;
			buildSettings = {
				ALWAYS_SEARCH_USER_PATHS = NO;
				CLANG_ANALYZER_NONNULL = YES;
				CLANG_ANALYZER_NUMBER_OBJECT_CONVERSION = YES_AGGRESSIVE;
				CLANG_CXX_LANGUAGE_STANDARD = "gnu++17";
				CLANG_ENABLE_MODULES = YES;
				CLANG_ENABLE_OBJC_ARC = YES;
				CLANG_ENABLE_OBJC_WEAK = YES;
				CLANG_WARN_BLOCK_CAPTURE_AUTORELEASING = YES;
				CLANG_WARN_BOOL_CONVERSION = YES;
				CLANG_WARN_COMMA = YES;
				CLANG_WARN_CONSTANT_CONVERSION = YES;
				CLANG_WARN_DEPRECATED_OBJC_IMPLEMENTATIONS = YES;
				CLANG_WARN_DIRECT_OBJC_ISA_USAGE = YES_ERROR;
				CLANG_WARN_DOCUMENTATION_COMMENTS = YES;
				CLANG_WARN_EMPTY_BODY = YES;
				CLANG_WARN_ENUM_CONVERSION = YES;
				CLANG_WARN_INFINITE_RECURSION = YES;
				CLANG_WARN_INT_CONVERSION = YES;
				CLANG_WARN_NON_LITERAL_NULL_CONVERSION = YES;
				CLANG_WARN_OBJC_IMPLICIT_RETAIN_SELF = YES;
				CLANG_WARN_OBJC_LITERAL_CONVERSION = YES;
				CLANG_WARN_OBJC_ROOT_CLASS = YES_ERROR;
				CLANG_WARN_QUOTED_INCLUDE_IN_FRAMEWORK_HEADER = YES;
				CLANG_WARN_RANGE_LOOP_ANALYSIS = YES;
				CLANG_WARN_STRICT_PROTOTYPES = YES;
				CLANG_WARN_SUSPICIOUS_MOVE = YES;
				CLANG_WARN_UNGUARDED_AVAILABILITY = YES_AGGRESSIVE;
				CLANG_WARN_UNREACHABLE_CODE = YES;
				CLANG_WARN__DUPLICATE_METHOD_MATCH = YES;
				COPY_PHASE_STRIP = NO;
				DEBUG_INFORMATION_FORMAT = "dwarf-with-dsym";
				ENABLE_NS_ASSERTIONS = NO;
				ENABLE_STRICT_OBJC_MSGSEND = YES;
				GCC_C_LANGUAGE_STANDARD = gnu11;
				GCC_NO_COMMON_BLOCKS = YES;
				GCC_WARN_64_TO_32_BIT_CONVERSION = YES;
				GCC_WARN_ABOUT_RETURN_TYPE = YES_ERROR;
				GCC_WARN_UNDECLARED_SELECTOR = YES;
				GCC_WARN_UNINITIALIZED_AUTOS = YES_AGGRESSIVE;
				GCC_WARN_UNUSED_FUNCTION = YES;
				GCC_WARN_UNUSED_VARIABLE = YES;
				IPHONEOS_DEPLOYMENT_TARGET = 13.0;
				MTL_ENABLE_DEBUG_INFO = NO;
				MTL_FAST_MATH = YES;
				SDKROOT = iphoneos;
				SWIFT_COMPILATION_MODE = wholemodule;
				SWIFT_OPTIMIZATION_LEVEL = "-O";
				VALIDATE_PRODUCT = YES;
			};
			name = Release;
		};
		6BA46D07297DB9B500D3844A /* Debug */ = {
			isa = XCBuildConfiguration;
			baseConfigurationReference = 367817085FAD288D7A74355B /* Pods-Movie-MVVM.debug.xcconfig */;
			buildSettings = {
				ASSETCATALOG_COMPILER_APPICON_NAME = AppIcon;
				ASSETCATALOG_COMPILER_GLOBAL_ACCENT_COLOR_NAME = AccentColor;
				CODE_SIGN_STYLE = Automatic;
				CURRENT_PROJECT_VERSION = 1;
				DEVELOPMENT_TEAM = 2B2355P26S;
				GENERATE_INFOPLIST_FILE = YES;
				INFOPLIST_FILE = "Movie-MVVM/Resources/Info.plist";
				INFOPLIST_KEY_UIApplicationSupportsIndirectInputEvents = YES;
				INFOPLIST_KEY_UILaunchStoryboardName = LaunchScreen;
				INFOPLIST_KEY_UIMainStoryboardFile = Main;
				INFOPLIST_KEY_UISupportedInterfaceOrientations = UIInterfaceOrientationPortrait;
				INFOPLIST_KEY_UISupportedInterfaceOrientations_iPad = "UIInterfaceOrientationPortrait UIInterfaceOrientationPortraitUpsideDown UIInterfaceOrientationLandscapeLeft UIInterfaceOrientationLandscapeRight";
				INFOPLIST_KEY_UISupportedInterfaceOrientations_iPhone = "UIInterfaceOrientationPortrait UIInterfaceOrientationLandscapeLeft UIInterfaceOrientationLandscapeRight";
				LD_RUNPATH_SEARCH_PATHS = (
					"$(inherited)",
					"@executable_path/Frameworks",
				);
				MARKETING_VERSION = 1.0.0;
				PRODUCT_BUNDLE_IDENTIFIER = "com.ilkaysever.Movie-MVVM";
				PRODUCT_NAME = "$(TARGET_NAME)";
				SWIFT_EMIT_LOC_STRINGS = YES;
				SWIFT_VERSION = 5.0;
				TARGETED_DEVICE_FAMILY = 1;
			};
			name = Debug;
		};
		6BA46D08297DB9B500D3844A /* Release */ = {
			isa = XCBuildConfiguration;
			baseConfigurationReference = 45C90752C666492BCFD76ACB /* Pods-Movie-MVVM.release.xcconfig */;
			buildSettings = {
				ASSETCATALOG_COMPILER_APPICON_NAME = AppIcon;
				ASSETCATALOG_COMPILER_GLOBAL_ACCENT_COLOR_NAME = AccentColor;
				CODE_SIGN_STYLE = Automatic;
				CURRENT_PROJECT_VERSION = 1;
				DEVELOPMENT_TEAM = 2B2355P26S;
				GENERATE_INFOPLIST_FILE = YES;
				INFOPLIST_FILE = "Movie-MVVM/Resources/Info.plist";
				INFOPLIST_KEY_UIApplicationSupportsIndirectInputEvents = YES;
				INFOPLIST_KEY_UILaunchStoryboardName = LaunchScreen;
				INFOPLIST_KEY_UIMainStoryboardFile = Main;
				INFOPLIST_KEY_UISupportedInterfaceOrientations = UIInterfaceOrientationPortrait;
				INFOPLIST_KEY_UISupportedInterfaceOrientations_iPad = "UIInterfaceOrientationPortrait UIInterfaceOrientationPortraitUpsideDown UIInterfaceOrientationLandscapeLeft UIInterfaceOrientationLandscapeRight";
				INFOPLIST_KEY_UISupportedInterfaceOrientations_iPhone = "UIInterfaceOrientationPortrait UIInterfaceOrientationLandscapeLeft UIInterfaceOrientationLandscapeRight";
				LD_RUNPATH_SEARCH_PATHS = (
					"$(inherited)",
					"@executable_path/Frameworks",
				);
				MARKETING_VERSION = 1.0.0;
				PRODUCT_BUNDLE_IDENTIFIER = "com.ilkaysever.Movie-MVVM";
				PRODUCT_NAME = "$(TARGET_NAME)";
				SWIFT_EMIT_LOC_STRINGS = YES;
				SWIFT_VERSION = 5.0;
				TARGETED_DEVICE_FAMILY = 1;
			};
			name = Release;
		};
/* End XCBuildConfiguration section */

/* Begin XCConfigurationList section */
		6BA46CEA297DB9B400D3844A /* Build configuration list for PBXProject "Movie-MVVM" */ = {
			isa = XCConfigurationList;
			buildConfigurations = (
				6BA46D04297DB9B500D3844A /* Debug */,
				6BA46D05297DB9B500D3844A /* Release */,
			);
			defaultConfigurationIsVisible = 0;
			defaultConfigurationName = Release;
		};
		6BA46D06297DB9B500D3844A /* Build configuration list for PBXNativeTarget "Movie-MVVM" */ = {
			isa = XCConfigurationList;
			buildConfigurations = (
				6BA46D07297DB9B500D3844A /* Debug */,
				6BA46D08297DB9B500D3844A /* Release */,
			);
			defaultConfigurationIsVisible = 0;
			defaultConfigurationName = Release;
		};
/* End XCConfigurationList section */

/* Begin XCVersionGroup section */
		6BA46CFB297DB9B400D3844A /* Movie_MVVM.xcdatamodeld */ = {
			isa = XCVersionGroup;
			children = (
				6BA46CFC297DB9B400D3844A /* Movie_MVVM.xcdatamodel */,
			);
			currentVersion = 6BA46CFC297DB9B400D3844A /* Movie_MVVM.xcdatamodel */;
			path = Movie_MVVM.xcdatamodeld;
			sourceTree = "<group>";
			versionGroupType = wrapper.xcdatamodel;
		};
/* End XCVersionGroup section */
	};
	rootObject = 6BA46CE7297DB9B400D3844A /* Project object */;
}
